// !$*UTF8*$!
{
	archiveVersion = 1;
	classes = {
	};
	objectVersion = 51;
	objects = {

/* Begin PBXBuildFile section */
		3F018A8F2602794D009BF7D6 /* ViewController.swift in Sources */ = {isa = PBXBuildFile; fileRef = 3F018A8E2602794D009BF7D6 /* ViewController.swift */; };
		3F018A92260279C3009BF7D6 /* HeadModels.swift in Sources */ = {isa = PBXBuildFile; fileRef = 3F018A91260279C3009BF7D6 /* HeadModels.swift */; };
		3F018A9626028ABA009BF7D6 /* TableViewCell.swift in Sources */ = {isa = PBXBuildFile; fileRef = 3F018A9526028ABA009BF7D6 /* TableViewCell.swift */; };
		3F018A9A2603332E009BF7D6 /* NetworkStocksManager.swift in Sources */ = {isa = PBXBuildFile; fileRef = 3F018A992603332E009BF7D6 /* NetworkStocksManager.swift */; };
		3F018A9D2603391E009BF7D6 /* Constans.swift in Sources */ = {isa = PBXBuildFile; fileRef = 3F018A9C2603391D009BF7D6 /* Constans.swift */; };
		3F018AAF26034EC3009BF7D6 /* JSONModels.swift in Sources */ = {isa = PBXBuildFile; fileRef = 3F018AAE26034EC3009BF7D6 /* JSONModels.swift */; };
		3F04495B2610C1C100B705DC /* DetailedViewController.swift in Sources */ = {isa = PBXBuildFile; fileRef = 3F04495A2610C1C100B705DC /* DetailedViewController.swift */; };
		3F044966261108D900B705DC /* NetworkChartManager.swift in Sources */ = {isa = PBXBuildFile; fileRef = 3F044965261108D900B705DC /* NetworkChartManager.swift */; };
		3F04496A2611121C00B705DC /* DetailedModels.swift in Sources */ = {isa = PBXBuildFile; fileRef = 3F0449692611121C00B705DC /* DetailedModels.swift */; };
		3F413835261233930039FE0C /* DateValueFormatter.swift in Sources */ = {isa = PBXBuildFile; fileRef = 3F413834261233930039FE0C /* DateValueFormatter.swift */; };
		3F413841261243210039FE0C /* BalloonMarker.swift in Sources */ = {isa = PBXBuildFile; fileRef = 3F413840261243210039FE0C /* BalloonMarker.swift */; };
		3F8B65FB2600D8F2004DF096 /* AppDelegate.swift in Sources */ = {isa = PBXBuildFile; fileRef = 3F8B65FA2600D8F2004DF096 /* AppDelegate.swift */; };
		3F8B65FD2600D8F2004DF096 /* SceneDelegate.swift in Sources */ = {isa = PBXBuildFile; fileRef = 3F8B65FC2600D8F2004DF096 /* SceneDelegate.swift */; };
		3F8B66022600D8F2004DF096 /* Main.storyboard in Resources */ = {isa = PBXBuildFile; fileRef = 3F8B66002600D8F2004DF096 /* Main.storyboard */; };
		3F8B66052600D8F2004DF096 /* YaStockPrices.xcdatamodeld in Sources */ = {isa = PBXBuildFile; fileRef = 3F8B66032600D8F2004DF096 /* YaStockPrices.xcdatamodeld */; };
		3F8B66072600D8F6004DF096 /* Assets.xcassets in Resources */ = {isa = PBXBuildFile; fileRef = 3F8B66062600D8F6004DF096 /* Assets.xcassets */; };
		3F8B660A2600D8F6004DF096 /* LaunchScreen.storyboard in Resources */ = {isa = PBXBuildFile; fileRef = 3F8B66082600D8F6004DF096 /* LaunchScreen.storyboard */; };
		3FDAA4EA2614F82900CEC90E /* WebSocketPriceManager.swift in Sources */ = {isa = PBXBuildFile; fileRef = 3FDAA4E92614F82900CEC90E /* WebSocketPriceManager.swift */; };
		3FDAA4FB2618E86C00CEC90E /* NewsTableViewCell.xib in Resources */ = {isa = PBXBuildFile; fileRef = 3FDAA4F92618E86C00CEC90E /* NewsTableViewCell.xib */; };
		3FDAA4FF2618F94000CEC90E /* ChartViewController.swift in Sources */ = {isa = PBXBuildFile; fileRef = 3FDAA4FE2618F94000CEC90E /* ChartViewController.swift */; };
		3FDAA5052618F98700CEC90E /* SummaryTableViewController.swift in Sources */ = {isa = PBXBuildFile; fileRef = 3FDAA5042618F98700CEC90E /* SummaryTableViewController.swift */; };
		3FDAA50F2619009E00CEC90E /* NetworkNewsManager.swift in Sources */ = {isa = PBXBuildFile; fileRef = 3FDAA50E2619009E00CEC90E /* NetworkNewsManager.swift */; };
		3FDAA51326190E5100CEC90E /* NewsViewController.swift in Sources */ = {isa = PBXBuildFile; fileRef = 3FDAA51226190E5100CEC90E /* NewsViewController.swift */; };
		3FDAA519261911A900CEC90E /* NewsTableViewCell.swift in Sources */ = {isa = PBXBuildFile; fileRef = 3FDAA518261911A900CEC90E /* NewsTableViewCell.swift */; };
		3FDAA5212619D72400CEC90E /* NetworkSummaryManager.swift in Sources */ = {isa = PBXBuildFile; fileRef = 3FDAA5202619D72400CEC90E /* NetworkSummaryManager.swift */; };
		3FDAA525261B46CE00CEC90E /* OrderedDictionary.swift in Sources */ = {isa = PBXBuildFile; fileRef = 3FDAA524261B46CE00CEC90E /* OrderedDictionary.swift */; };
		DCAD345049D1508FD776E220 /* Pods_YaStockPrices.framework in Frameworks */ = {isa = PBXBuildFile; fileRef = 0621DFB5117F4F74553B237B /* Pods_YaStockPrices.framework */; };
/* End PBXBuildFile section */

/* Begin PBXFileReference section */
		0621DFB5117F4F74553B237B /* Pods_YaStockPrices.framework */ = {isa = PBXFileReference; explicitFileType = wrapper.framework; includeInIndex = 0; path = Pods_YaStockPrices.framework; sourceTree = BUILT_PRODUCTS_DIR; };
		3F018A8E2602794D009BF7D6 /* ViewController.swift */ = {isa = PBXFileReference; lastKnownFileType = sourcecode.swift; path = ViewController.swift; sourceTree = "<group>"; };
		3F018A91260279C3009BF7D6 /* HeadModels.swift */ = {isa = PBXFileReference; lastKnownFileType = sourcecode.swift; path = HeadModels.swift; sourceTree = "<group>"; };
		3F018A9526028ABA009BF7D6 /* TableViewCell.swift */ = {isa = PBXFileReference; lastKnownFileType = sourcecode.swift; path = TableViewCell.swift; sourceTree = "<group>"; };
		3F018A992603332E009BF7D6 /* NetworkStocksManager.swift */ = {isa = PBXFileReference; lastKnownFileType = sourcecode.swift; path = NetworkStocksManager.swift; sourceTree = "<group>"; };
		3F018A9C2603391D009BF7D6 /* Constans.swift */ = {isa = PBXFileReference; lastKnownFileType = sourcecode.swift; path = Constans.swift; sourceTree = "<group>"; };
		3F018AAE26034EC3009BF7D6 /* JSONModels.swift */ = {isa = PBXFileReference; lastKnownFileType = sourcecode.swift; path = JSONModels.swift; sourceTree = "<group>"; };
		3F04495A2610C1C100B705DC /* DetailedViewController.swift */ = {isa = PBXFileReference; lastKnownFileType = sourcecode.swift; path = DetailedViewController.swift; sourceTree = "<group>"; };
		3F044965261108D900B705DC /* NetworkChartManager.swift */ = {isa = PBXFileReference; lastKnownFileType = sourcecode.swift; path = NetworkChartManager.swift; sourceTree = "<group>"; };
		3F0449692611121C00B705DC /* DetailedModels.swift */ = {isa = PBXFileReference; lastKnownFileType = sourcecode.swift; path = DetailedModels.swift; sourceTree = "<group>"; };
		3F413834261233930039FE0C /* DateValueFormatter.swift */ = {isa = PBXFileReference; lastKnownFileType = sourcecode.swift; path = DateValueFormatter.swift; sourceTree = "<group>"; };
		3F413840261243210039FE0C /* BalloonMarker.swift */ = {isa = PBXFileReference; lastKnownFileType = sourcecode.swift; path = BalloonMarker.swift; sourceTree = "<group>"; };
		3F8B65F72600D8F2004DF096 /* YaStockPrices.app */ = {isa = PBXFileReference; explicitFileType = wrapper.application; includeInIndex = 0; path = YaStockPrices.app; sourceTree = BUILT_PRODUCTS_DIR; };
		3F8B65FA2600D8F2004DF096 /* AppDelegate.swift */ = {isa = PBXFileReference; lastKnownFileType = sourcecode.swift; path = AppDelegate.swift; sourceTree = "<group>"; };
		3F8B65FC2600D8F2004DF096 /* SceneDelegate.swift */ = {isa = PBXFileReference; lastKnownFileType = sourcecode.swift; path = SceneDelegate.swift; sourceTree = "<group>"; };
		3F8B66012600D8F2004DF096 /* Base */ = {isa = PBXFileReference; lastKnownFileType = file.storyboard; name = Base; path = Base.lproj/Main.storyboard; sourceTree = "<group>"; };
		3F8B66042600D8F2004DF096 /* YaStockPrices.xcdatamodel */ = {isa = PBXFileReference; lastKnownFileType = wrapper.xcdatamodel; path = YaStockPrices.xcdatamodel; sourceTree = "<group>"; };
		3F8B66062600D8F6004DF096 /* Assets.xcassets */ = {isa = PBXFileReference; lastKnownFileType = folder.assetcatalog; path = Assets.xcassets; sourceTree = "<group>"; };
		3F8B66092600D8F6004DF096 /* Base */ = {isa = PBXFileReference; lastKnownFileType = file.storyboard; name = Base; path = Base.lproj/LaunchScreen.storyboard; sourceTree = "<group>"; };
		3F8B660B2600D8F6004DF096 /* Info.plist */ = {isa = PBXFileReference; lastKnownFileType = text.plist.xml; path = Info.plist; sourceTree = "<group>"; };
		3FDAA4E92614F82900CEC90E /* WebSocketPriceManager.swift */ = {isa = PBXFileReference; lastKnownFileType = sourcecode.swift; path = WebSocketPriceManager.swift; sourceTree = "<group>"; };
		3FDAA4F92618E86C00CEC90E /* NewsTableViewCell.xib */ = {isa = PBXFileReference; lastKnownFileType = file.xib; path = NewsTableViewCell.xib; sourceTree = "<group>"; };
		3FDAA4FE2618F94000CEC90E /* ChartViewController.swift */ = {isa = PBXFileReference; lastKnownFileType = sourcecode.swift; path = ChartViewController.swift; sourceTree = "<group>"; };
		3FDAA5042618F98700CEC90E /* SummaryTableViewController.swift */ = {isa = PBXFileReference; lastKnownFileType = sourcecode.swift; path = SummaryTableViewController.swift; sourceTree = "<group>"; };
		3FDAA50E2619009E00CEC90E /* NetworkNewsManager.swift */ = {isa = PBXFileReference; lastKnownFileType = sourcecode.swift; path = NetworkNewsManager.swift; sourceTree = "<group>"; };
		3FDAA51226190E5100CEC90E /* NewsViewController.swift */ = {isa = PBXFileReference; lastKnownFileType = sourcecode.swift; path = NewsViewController.swift; sourceTree = "<group>"; };
		3FDAA518261911A900CEC90E /* NewsTableViewCell.swift */ = {isa = PBXFileReference; lastKnownFileType = sourcecode.swift; path = NewsTableViewCell.swift; sourceTree = "<group>"; };
		3FDAA5202619D72400CEC90E /* NetworkSummaryManager.swift */ = {isa = PBXFileReference; lastKnownFileType = sourcecode.swift; name = NetworkSummaryManager.swift; path = YaStockPrices/Main/Network/Detailed/NetworkSummaryManager.swift; sourceTree = SOURCE_ROOT; };
		3FDAA524261B46CE00CEC90E /* OrderedDictionary.swift */ = {isa = PBXFileReference; lastKnownFileType = sourcecode.swift; path = OrderedDictionary.swift; sourceTree = "<group>"; };
		9480DB5A3785B67622C1DE12 /* Pods-YaStockPrices.release.xcconfig */ = {isa = PBXFileReference; includeInIndex = 1; lastKnownFileType = text.xcconfig; name = "Pods-YaStockPrices.release.xcconfig"; path = "Target Support Files/Pods-YaStockPrices/Pods-YaStockPrices.release.xcconfig"; sourceTree = "<group>"; };
		EF3F76683AECE321FEF3F437 /* Pods-YaStockPrices.debug.xcconfig */ = {isa = PBXFileReference; includeInIndex = 1; lastKnownFileType = text.xcconfig; name = "Pods-YaStockPrices.debug.xcconfig"; path = "Target Support Files/Pods-YaStockPrices/Pods-YaStockPrices.debug.xcconfig"; sourceTree = "<group>"; };
/* End PBXFileReference section */

/* Begin PBXFrameworksBuildPhase section */
		3F8B65F42600D8F2004DF096 /* Frameworks */ = {
			isa = PBXFrameworksBuildPhase;
			buildActionMask = 2147483647;
			files = (
				DCAD345049D1508FD776E220 /* Pods_YaStockPrices.framework in Frameworks */,
			);
			runOnlyForDeploymentPostprocessing = 0;
		};
/* End PBXFrameworksBuildPhase section */

/* Begin PBXGroup section */
		0A81EF4DEE7F8087148F9DC0 /* Frameworks */ = {
			isa = PBXGroup;
			children = (
				0621DFB5117F4F74553B237B /* Pods_YaStockPrices.framework */,
			);
			name = Frameworks;
			sourceTree = "<group>";
		};
		3F018A9F26033A55009BF7D6 /* Model */ = {
			isa = PBXGroup;
			children = (
				3F018A91260279C3009BF7D6 /* HeadModels.swift */,
				3F0449692611121C00B705DC /* DetailedModels.swift */,
				3F018AAE26034EC3009BF7D6 /* JSONModels.swift */,
				3F8B66032600D8F2004DF096 /* YaStockPrices.xcdatamodeld */,
			);
			path = Model;
			sourceTree = "<group>";
		};
		3F018AA226033AC2009BF7D6 /* Supporting files */ = {
			isa = PBXGroup;
			children = (
				3F413834261233930039FE0C /* DateValueFormatter.swift */,
				3FDAA524261B46CE00CEC90E /* OrderedDictionary.swift */,
				3F018A9C2603391D009BF7D6 /* Constans.swift */,
				3F8B66062600D8F6004DF096 /* Assets.xcassets */,
			);
			path = "Supporting files";
			sourceTree = "<group>";
		};
		3F8B65EE2600D8F2004DF096 = {
			isa = PBXGroup;
			children = (
				3F8B65F92600D8F2004DF096 /* YaStockPrices */,
				3F8B65F82600D8F2004DF096 /* Products */,
				EDAFA5977EE2BD1ABD806BF7 /* Pods */,
				0A81EF4DEE7F8087148F9DC0 /* Frameworks */,
			);
			sourceTree = "<group>";
		};
		3F8B65F82600D8F2004DF096 /* Products */ = {
			isa = PBXGroup;
			children = (
				3F8B65F72600D8F2004DF096 /* YaStockPrices.app */,
			);
			name = Products;
			sourceTree = "<group>";
		};
		3F8B65F92600D8F2004DF096 /* YaStockPrices */ = {
			isa = PBXGroup;
			children = (
				3F018A9F26033A55009BF7D6 /* Model */,
				3FDAA548261B8D9500CEC90E /* View */,
				3FDAA549261B8DB200CEC90E /* ViewController */,
				3FDAA54A261B8E0400CEC90E /* Network */,
				3F8B660B2600D8F6004DF096 /* Info.plist */,
				3F018AA226033AC2009BF7D6 /* Supporting files */,
			);
			path = YaStockPrices;
			sourceTree = "<group>";
		};
		3FDAA548261B8D9500CEC90E /* View */ = {
			isa = PBXGroup;
			children = (
				3F8B66002600D8F2004DF096 /* Main.storyboard */,
				3F8B66082600D8F6004DF096 /* LaunchScreen.storyboard */,
				3FDAA4F92618E86C00CEC90E /* NewsTableViewCell.xib */,
			);
			path = View;
			sourceTree = "<group>";
		};
		3FDAA549261B8DB200CEC90E /* ViewController */ = {
			isa = PBXGroup;
			children = (
				3FDAA551261B8FCA00CEC90E /* Main */,
				3FDAA552261B8FE400CEC90E /* Detailed */,
			);
			path = ViewController;
			sourceTree = "<group>";
		};
		3FDAA54A261B8E0400CEC90E /* Network */ = {
			isa = PBXGroup;
			children = (
				3FDAA557261B906600CEC90E /* Main */,
				3FDAA558261B907B00CEC90E /* Detailed */,
			);
			name = Network;
			path = Main/Network;
			sourceTree = "<group>";
		};
		3FDAA551261B8FCA00CEC90E /* Main */ = {
			isa = PBXGroup;
			children = (
				3F8B65FA2600D8F2004DF096 /* AppDelegate.swift */,
				3F8B65FC2600D8F2004DF096 /* SceneDelegate.swift */,
				3F018A8E2602794D009BF7D6 /* ViewController.swift */,
				3F018A9526028ABA009BF7D6 /* TableViewCell.swift */,
			);
			path = Main;
			sourceTree = "<group>";
		};
		3FDAA552261B8FE400CEC90E /* Detailed */ = {
			isa = PBXGroup;
			children = (
				3F04495A2610C1C100B705DC /* DetailedViewController.swift */,
				3FDAA553261B8FFE00CEC90E /* Chart */,
				3FDAA554261B900900CEC90E /* Summary */,
				3FDAA555261B901600CEC90E /* News */,
			);
			path = Detailed;
			sourceTree = "<group>";
		};
		3FDAA553261B8FFE00CEC90E /* Chart */ = {
			isa = PBXGroup;
			children = (
				3F413840261243210039FE0C /* BalloonMarker.swift */,
				3FDAA4FE2618F94000CEC90E /* ChartViewController.swift */,
			);
			path = Chart;
			sourceTree = "<group>";
		};
		3FDAA554261B900900CEC90E /* Summary */ = {
			isa = PBXGroup;
			children = (
				3FDAA5042618F98700CEC90E /* SummaryTableViewController.swift */,
			);
			path = Summary;
			sourceTree = "<group>";
		};
		3FDAA555261B901600CEC90E /* News */ = {
			isa = PBXGroup;
			children = (
				3FDAA51226190E5100CEC90E /* NewsViewController.swift */,
				3FDAA518261911A900CEC90E /* NewsTableViewCell.swift */,
			);
			path = News;
			sourceTree = "<group>";
		};
		3FDAA557261B906600CEC90E /* Main */ = {
			isa = PBXGroup;
			children = (
				3F018A992603332E009BF7D6 /* NetworkStocksManager.swift */,
				3FDAA4E92614F82900CEC90E /* WebSocketPriceManager.swift */,
			);
			path = Main;
			sourceTree = "<group>";
		};
		3FDAA558261B907B00CEC90E /* Detailed */ = {
			isa = PBXGroup;
			children = (
				3F044965261108D900B705DC /* NetworkChartManager.swift */,
				3FDAA5202619D72400CEC90E /* NetworkSummaryManager.swift */,
				3FDAA50E2619009E00CEC90E /* NetworkNewsManager.swift */,
			);
			path = Detailed;
			sourceTree = "<group>";
		};
		EDAFA5977EE2BD1ABD806BF7 /* Pods */ = {
			isa = PBXGroup;
			children = (
				EF3F76683AECE321FEF3F437 /* Pods-YaStockPrices.debug.xcconfig */,
				9480DB5A3785B67622C1DE12 /* Pods-YaStockPrices.release.xcconfig */,
			);
			path = Pods;
			sourceTree = "<group>";
		};
/* End PBXGroup section */

/* Begin PBXNativeTarget section */
		3F8B65F62600D8F2004DF096 /* YaStockPrices */ = {
			isa = PBXNativeTarget;
			buildConfigurationList = 3F8B660E2600D8F6004DF096 /* Build configuration list for PBXNativeTarget "YaStockPrices" */;
			buildPhases = (
				49100DD0F1CE486F98F7771E /* [CP] Check Pods Manifest.lock */,
				3F8B65F32600D8F2004DF096 /* Sources */,
				3F8B65F42600D8F2004DF096 /* Frameworks */,
				3F8B65F52600D8F2004DF096 /* Resources */,
				E6AE6545EBCC1D4671A16B20 /* [CP] Embed Pods Frameworks */,
			);
			buildRules = (
			);
			dependencies = (
			);
			name = YaStockPrices;
			productName = YaStockPrices;
			productReference = 3F8B65F72600D8F2004DF096 /* YaStockPrices.app */;
			productType = "com.apple.product-type.application";
		};
/* End PBXNativeTarget section */

/* Begin PBXProject section */
		3F8B65EF2600D8F2004DF096 /* Project object */ = {
			isa = PBXProject;
			attributes = {
				LastSwiftUpdateCheck = 1240;
				LastUpgradeCheck = 1240;
				TargetAttributes = {
					3F8B65F62600D8F2004DF096 = {
						CreatedOnToolsVersion = 12.4;
					};
				};
			};
			buildConfigurationList = 3F8B65F22600D8F2004DF096 /* Build configuration list for PBXProject "YaStockPrices" */;
			compatibilityVersion = "Xcode 9.3";
			developmentRegion = en;
			hasScannedForEncodings = 0;
			knownRegions = (
				en,
				Base,
			);
			mainGroup = 3F8B65EE2600D8F2004DF096;
			productRefGroup = 3F8B65F82600D8F2004DF096 /* Products */;
			projectDirPath = "";
			projectRoot = "";
			targets = (
				3F8B65F62600D8F2004DF096 /* YaStockPrices */,
			);
		};
/* End PBXProject section */

/* Begin PBXResourcesBuildPhase section */
		3F8B65F52600D8F2004DF096 /* Resources */ = {
			isa = PBXResourcesBuildPhase;
			buildActionMask = 2147483647;
			files = (
				3F8B660A2600D8F6004DF096 /* LaunchScreen.storyboard in Resources */,
				3F8B66072600D8F6004DF096 /* Assets.xcassets in Resources */,
				3FDAA4FB2618E86C00CEC90E /* NewsTableViewCell.xib in Resources */,
				3F8B66022600D8F2004DF096 /* Main.storyboard in Resources */,
			);
			runOnlyForDeploymentPostprocessing = 0;
		};
/* End PBXResourcesBuildPhase section */

/* Begin PBXShellScriptBuildPhase section */
		49100DD0F1CE486F98F7771E /* [CP] Check Pods Manifest.lock */ = {
			isa = PBXShellScriptBuildPhase;
			buildActionMask = 2147483647;
			files = (
			);
			inputFileListPaths = (
			);
			inputPaths = (
				"${PODS_PODFILE_DIR_PATH}/Podfile.lock",
				"${PODS_ROOT}/Manifest.lock",
			);
			name = "[CP] Check Pods Manifest.lock";
			outputFileListPaths = (
			);
			outputPaths = (
				"$(DERIVED_FILE_DIR)/Pods-YaStockPrices-checkManifestLockResult.txt",
			);
			runOnlyForDeploymentPostprocessing = 0;
			shellPath = /bin/sh;
			shellScript = "diff \"${PODS_PODFILE_DIR_PATH}/Podfile.lock\" \"${PODS_ROOT}/Manifest.lock\" > /dev/null\nif [ $? != 0 ] ; then\n    # print error to STDERR\n    echo \"error: The sandbox is not in sync with the Podfile.lock. Run 'pod install' or update your CocoaPods installation.\" >&2\n    exit 1\nfi\n# This output is used by Xcode 'outputs' to avoid re-running this script phase.\necho \"SUCCESS\" > \"${SCRIPT_OUTPUT_FILE_0}\"\n";
			showEnvVarsInLog = 0;
		};
		E6AE6545EBCC1D4671A16B20 /* [CP] Embed Pods Frameworks */ = {
			isa = PBXShellScriptBuildPhase;
			buildActionMask = 2147483647;
			files = (
			);
			inputFileListPaths = (
				"${PODS_ROOT}/Target Support Files/Pods-YaStockPrices/Pods-YaStockPrices-frameworks-${CONFIGURATION}-input-files.xcfilelist",
			);
			name = "[CP] Embed Pods Frameworks";
			outputFileListPaths = (
				"${PODS_ROOT}/Target Support Files/Pods-YaStockPrices/Pods-YaStockPrices-frameworks-${CONFIGURATION}-output-files.xcfilelist",
			);
			runOnlyForDeploymentPostprocessing = 0;
			shellPath = /bin/sh;
			shellScript = "\"${PODS_ROOT}/Target Support Files/Pods-YaStockPrices/Pods-YaStockPrices-frameworks.sh\"\n";
			showEnvVarsInLog = 0;
		};
/* End PBXShellScriptBuildPhase section */

/* Begin PBXSourcesBuildPhase section */
		3F8B65F32600D8F2004DF096 /* Sources */ = {
			isa = PBXSourcesBuildPhase;
			buildActionMask = 2147483647;
			files = (
				3FDAA4EA2614F82900CEC90E /* WebSocketPriceManager.swift in Sources */,
				3F8B65FB2600D8F2004DF096 /* AppDelegate.swift in Sources */,
				3FDAA519261911A900CEC90E /* NewsTableViewCell.swift in Sources */,
				3F8B66052600D8F2004DF096 /* YaStockPrices.xcdatamodeld in Sources */,
				3FDAA51326190E5100CEC90E /* NewsViewController.swift in Sources */,
				3F04495B2610C1C100B705DC /* DetailedViewController.swift in Sources */,
				3FDAA5212619D72400CEC90E /* NetworkSummaryManager.swift in Sources */,
				3F413835261233930039FE0C /* DateValueFormatter.swift in Sources */,
				3F018A9D2603391E009BF7D6 /* Constans.swift in Sources */,
				3FDAA525261B46CE00CEC90E /* OrderedDictionary.swift in Sources */,
				3F044966261108D900B705DC /* NetworkChartManager.swift in Sources */,
				3FDAA50F2619009E00CEC90E /* NetworkNewsManager.swift in Sources */,
				3F018A9A2603332E009BF7D6 /* NetworkStocksManager.swift in Sources */,
				3F018A92260279C3009BF7D6 /* HeadModels.swift in Sources */,
				3F018A8F2602794D009BF7D6 /* ViewController.swift in Sources */,
				3F413841261243210039FE0C /* BalloonMarker.swift in Sources */,
				3F04496A2611121C00B705DC /* DetailedModels.swift in Sources */,
				3F018A9626028ABA009BF7D6 /* TableViewCell.swift in Sources */,
				3F8B65FD2600D8F2004DF096 /* SceneDelegate.swift in Sources */,
				3F018AAF26034EC3009BF7D6 /* JSONModels.swift in Sources */,
				3FDAA4FF2618F94000CEC90E /* ChartViewController.swift in Sources */,
				3FDAA5052618F98700CEC90E /* SummaryTableViewController.swift in Sources */,
			);
			runOnlyForDeploymentPostprocessing = 0;
		};
/* End PBXSourcesBuildPhase section */

/* Begin PBXVariantGroup section */
		3F8B66002600D8F2004DF096 /* Main.storyboard */ = {
			isa = PBXVariantGroup;
			children = (
				3F8B66012600D8F2004DF096 /* Base */,
			);
			name = Main.storyboard;
			sourceTree = "<group>";
		};
		3F8B66082600D8F6004DF096 /* LaunchScreen.storyboard */ = {
			isa = PBXVariantGroup;
			children = (
				3F8B66092600D8F6004DF096 /* Base */,
			);
			name = LaunchScreen.storyboard;
			sourceTree = "<group>";
		};
/* End PBXVariantGroup section */

/* Begin XCBuildConfiguration section */
		3F8B660C2600D8F6004DF096 /* Debug */ = {
			isa = XCBuildConfiguration;
			buildSettings = {
				ALWAYS_SEARCH_USER_PATHS = NO;
				CLANG_ANALYZER_NONNULL = YES;
				CLANG_ANALYZER_NUMBER_OBJECT_CONVERSION = YES_AGGRESSIVE;
				CLANG_CXX_LANGUAGE_STANDARD = "gnu++14";
				CLANG_CXX_LIBRARY = "libc++";
				CLANG_ENABLE_MODULES = YES;
				CLANG_ENABLE_OBJC_ARC = YES;
				CLANG_ENABLE_OBJC_WEAK = YES;
				CLANG_WARN_BLOCK_CAPTURE_AUTORELEASING = YES;
				CLANG_WARN_BOOL_CONVERSION = YES;
				CLANG_WARN_COMMA = YES;
				CLANG_WARN_CONSTANT_CONVERSION = YES;
				CLANG_WARN_DEPRECATED_OBJC_IMPLEMENTATIONS = YES;
				CLANG_WARN_DIRECT_OBJC_ISA_USAGE = YES_ERROR;
				CLANG_WARN_DOCUMENTATION_COMMENTS = YES;
				CLANG_WARN_EMPTY_BODY = YES;
				CLANG_WARN_ENUM_CONVERSION = YES;
				CLANG_WARN_INFINITE_RECURSION = YES;
				CLANG_WARN_INT_CONVERSION = YES;
				CLANG_WARN_NON_LITERAL_NULL_CONVERSION = YES;
				CLANG_WARN_OBJC_IMPLICIT_RETAIN_SELF = YES;
				CLANG_WARN_OBJC_LITERAL_CONVERSION = YES;
				CLANG_WARN_OBJC_ROOT_CLASS = YES_ERROR;
				CLANG_WARN_QUOTED_INCLUDE_IN_FRAMEWORK_HEADER = YES;
				CLANG_WARN_RANGE_LOOP_ANALYSIS = YES;
				CLANG_WARN_STRICT_PROTOTYPES = YES;
				CLANG_WARN_SUSPICIOUS_MOVE = YES;
				CLANG_WARN_UNGUARDED_AVAILABILITY = YES_AGGRESSIVE;
				CLANG_WARN_UNREACHABLE_CODE = YES;
				CLANG_WARN__DUPLICATE_METHOD_MATCH = YES;
				COPY_PHASE_STRIP = NO;
				DEBUG_INFORMATION_FORMAT = dwarf;
				ENABLE_STRICT_OBJC_MSGSEND = YES;
				ENABLE_TESTABILITY = YES;
				GCC_C_LANGUAGE_STANDARD = gnu11;
				GCC_DYNAMIC_NO_PIC = NO;
				GCC_NO_COMMON_BLOCKS = YES;
				GCC_OPTIMIZATION_LEVEL = 0;
				GCC_PREPROCESSOR_DEFINITIONS = (
					"DEBUG=1",
					"$(inherited)",
				);
				GCC_WARN_64_TO_32_BIT_CONVERSION = YES;
				GCC_WARN_ABOUT_RETURN_TYPE = YES_ERROR;
				GCC_WARN_UNDECLARED_SELECTOR = YES;
				GCC_WARN_UNINITIALIZED_AUTOS = YES_AGGRESSIVE;
				GCC_WARN_UNUSED_FUNCTION = YES;
				GCC_WARN_UNUSED_VARIABLE = YES;
				IPHONEOS_DEPLOYMENT_TARGET = 13.0;
				MTL_ENABLE_DEBUG_INFO = INCLUDE_SOURCE;
				MTL_FAST_MATH = YES;
				ONLY_ACTIVE_ARCH = YES;
				SDKROOT = iphoneos;
				SWIFT_ACTIVE_COMPILATION_CONDITIONS = DEBUG;
				SWIFT_OPTIMIZATION_LEVEL = "-Onone";
			};
			name = Debug;
		};
		3F8B660D2600D8F6004DF096 /* Release */ = {
			isa = XCBuildConfiguration;
			buildSettings = {
				ALWAYS_SEARCH_USER_PATHS = NO;
				CLANG_ANALYZER_NONNULL = YES;
				CLANG_ANALYZER_NUMBER_OBJECT_CONVERSION = YES_AGGRESSIVE;
				CLANG_CXX_LANGUAGE_STANDARD = "gnu++14";
				CLANG_CXX_LIBRARY = "libc++";
				CLANG_ENABLE_MODULES = YES;
				CLANG_ENABLE_OBJC_ARC = YES;
				CLANG_ENABLE_OBJC_WEAK = YES;
				CLANG_WARN_BLOCK_CAPTURE_AUTORELEASING = YES;
				CLANG_WARN_BOOL_CONVERSION = YES;
				CLANG_WARN_COMMA = YES;
				CLANG_WARN_CONSTANT_CONVERSION = YES;
				CLANG_WARN_DEPRECATED_OBJC_IMPLEMENTATIONS = YES;
				CLANG_WARN_DIRECT_OBJC_ISA_USAGE = YES_ERROR;
				CLANG_WARN_DOCUMENTATION_COMMENTS = YES;
				CLANG_WARN_EMPTY_BODY = YES;
				CLANG_WARN_ENUM_CONVERSION = YES;
				CLANG_WARN_INFINITE_RECURSION = YES;
				CLANG_WARN_INT_CONVERSION = YES;
				CLANG_WARN_NON_LITERAL_NULL_CONVERSION = YES;
				CLANG_WARN_OBJC_IMPLICIT_RETAIN_SELF = YES;
				CLANG_WARN_OBJC_LITERAL_CONVERSION = YES;
				CLANG_WARN_OBJC_ROOT_CLASS = YES_ERROR;
				CLANG_WARN_QUOTED_INCLUDE_IN_FRAMEWORK_HEADER = YES;
				CLANG_WARN_RANGE_LOOP_ANALYSIS = YES;
				CLANG_WARN_STRICT_PROTOTYPES = YES;
				CLANG_WARN_SUSPICIOUS_MOVE = YES;
				CLANG_WARN_UNGUARDED_AVAILABILITY = YES_AGGRESSIVE;
				CLANG_WARN_UNREACHABLE_CODE = YES;
				CLANG_WARN__DUPLICATE_METHOD_MATCH = YES;
				COPY_PHASE_STRIP = NO;
				DEBUG_INFORMATION_FORMAT = "dwarf-with-dsym";
				ENABLE_NS_ASSERTIONS = NO;
				ENABLE_STRICT_OBJC_MSGSEND = YES;
				GCC_C_LANGUAGE_STANDARD = gnu11;
				GCC_NO_COMMON_BLOCKS = YES;
				GCC_WARN_64_TO_32_BIT_CONVERSION = YES;
				GCC_WARN_ABOUT_RETURN_TYPE = YES_ERROR;
				GCC_WARN_UNDECLARED_SELECTOR = YES;
				GCC_WARN_UNINITIALIZED_AUTOS = YES_AGGRESSIVE;
				GCC_WARN_UNUSED_FUNCTION = YES;
				GCC_WARN_UNUSED_VARIABLE = YES;
				IPHONEOS_DEPLOYMENT_TARGET = 13.0;
				MTL_ENABLE_DEBUG_INFO = NO;
				MTL_FAST_MATH = YES;
				SDKROOT = iphoneos;
				SWIFT_COMPILATION_MODE = wholemodule;
				SWIFT_OPTIMIZATION_LEVEL = "-O";
				VALIDATE_PRODUCT = YES;
			};
			name = Release;
		};
		3F8B660F2600D8F6004DF096 /* Debug */ = {
			isa = XCBuildConfiguration;
			baseConfigurationReference = EF3F76683AECE321FEF3F437 /* Pods-YaStockPrices.debug.xcconfig */;
			buildSettings = {
				ASSETCATALOG_COMPILER_APPICON_NAME = AppIcon;
				ASSETCATALOG_COMPILER_GLOBAL_ACCENT_COLOR_NAME = AccentColor;
				CODE_SIGN_STYLE = Automatic;
				DEVELOPMENT_TEAM = 9G8FMNL6B8;
				INFOPLIST_FILE = YaStockPrices/Info.plist;
				LD_RUNPATH_SEARCH_PATHS = (
					"$(inherited)",
					"@executable_path/Frameworks",
				);
				PRODUCT_BUNDLE_IDENTIFIER = ElenaShurygina.YaStockPrices;
				PRODUCT_NAME = "$(TARGET_NAME)";
				SWIFT_VERSION = 5.0;
				TARGETED_DEVICE_FAMILY = "1,2";
			};
			name = Debug;
		};
		3F8B66102600D8F6004DF096 /* Release */ = {
			isa = XCBuildConfiguration;
			baseConfigurationReference = 9480DB5A3785B67622C1DE12 /* Pods-YaStockPrices.release.xcconfig */;
			buildSettings = {
				ASSETCATALOG_COMPILER_APPICON_NAME = AppIcon;
				ASSETCATALOG_COMPILER_GLOBAL_ACCENT_COLOR_NAME = AccentColor;
				CODE_SIGN_STYLE = Automatic;
				DEVELOPMENT_TEAM = 9G8FMNL6B8;
				INFOPLIST_FILE = YaStockPrices/Info.plist;
				LD_RUNPATH_SEARCH_PATHS = (
					"$(inherited)",
					"@executable_path/Frameworks",
				);
				PRODUCT_BUNDLE_IDENTIFIER = ElenaShurygina.YaStockPrices;
				PRODUCT_NAME = "$(TARGET_NAME)";
				SWIFT_VERSION = 5.0;
				TARGETED_DEVICE_FAMILY = "1,2";
			};
			name = Release;
		};
/* End XCBuildConfiguration section */

/* Begin XCConfigurationList section */
		3F8B65F22600D8F2004DF096 /* Build configuration list for PBXProject "YaStockPrices" */ = {
			isa = XCConfigurationList;
			buildConfigurations = (
				3F8B660C2600D8F6004DF096 /* Debug */,
				3F8B660D2600D8F6004DF096 /* Release */,
			);
			defaultConfigurationIsVisible = 0;
			defaultConfigurationName = Release;
		};
		3F8B660E2600D8F6004DF096 /* Build configuration list for PBXNativeTarget "YaStockPrices" */ = {
			isa = XCConfigurationList;
			buildConfigurations = (
				3F8B660F2600D8F6004DF096 /* Debug */,
				3F8B66102600D8F6004DF096 /* Release */,
			);
			defaultConfigurationIsVisible = 0;
			defaultConfigurationName = Release;
		};
/* End XCConfigurationList section */

/* Begin XCVersionGroup section */
		3F8B66032600D8F2004DF096 /* YaStockPrices.xcdatamodeld */ = {
			isa = XCVersionGroup;
			children = (
				3F8B66042600D8F2004DF096 /* YaStockPrices.xcdatamodel */,
			);
			currentVersion = 3F8B66042600D8F2004DF096 /* YaStockPrices.xcdatamodel */;
			path = YaStockPrices.xcdatamodeld;
			sourceTree = "<group>";
			versionGroupType = wrapper.xcdatamodel;
		};
/* End XCVersionGroup section */
	};
	rootObject = 3F8B65EF2600D8F2004DF096 /* Project object */;
}
